
Microsoft Visual Studio Solution File, Format Version 12.00
# Visual Studio 15
VisualStudioVersion = 15.0.28307.645
MinimumVisualStudioVersion = 10.0.40219.1
Project("{FAE04EC0-301F-11D3-BF4B-00C04F79EFBC}") = "Xamarin.Android", "Xamarin\Xamarin.Android\Xamarin.Android.csproj", "{A37F0276-805F-443E-B938-2F8F23ADCCBA}"
EndProject
Project("{FAE04EC0-301F-11D3-BF4B-00C04F79EFBC}") = "Xamarin.iOS", "Xamarin\Xamarin.iOS\Xamarin.iOS.csproj", "{A4E30640-96C4-4505-AF51-8141F7B537BB}"
EndProject
Project("{FAE04EC0-301F-11D3-BF4B-00C04F79EFBC}") = "Xamarin", "Xamarin\Xamarin\Xamarin.csproj", "{8EF5E692-CBFE-4179-B586-39D6ABDDFA3E}"
EndProject
Global
	GlobalSection(SolutionConfigurationPlatforms) = preSolution
		Ad-Hoc|Any CPU = Ad-Hoc|Any CPU
		Ad-Hoc|iPhone = Ad-Hoc|iPhone
		Ad-Hoc|iPhoneSimulator = Ad-Hoc|iPhoneSimulator
		AppStore|Any CPU = AppStore|Any CPU
		AppStore|iPhone = AppStore|iPhone
		AppStore|iPhoneSimulator = AppStore|iPhoneSimulator
		Debug|Any CPU = Debug|Any CPU
		Debug|iPhone = Debug|iPhone
		Debug|iPhoneSimulator = Debug|iPhoneSimulator
		Release|Any CPU = Release|Any CPU
		Release|iPhone = Release|iPhone
		Release|iPhoneSimulator = Release|iPhoneSimulator
	EndGlobalSection
	GlobalSection(ProjectConfigurationPlatforms) = postSolution
		{A37F0276-805F-443E-B938-2F8F23ADCCBA}.Ad-Hoc|Any CPU.ActiveCfg = Release|Any CPU
		{A37F0276-805F-443E-B938-2F8F23ADCCBA}.Ad-Hoc|Any CPU.Build.0 = Release|Any CPU
		{A37F0276-805F-443E-B938-2F8F23ADCCBA}.Ad-Hoc|Any CPU.Deploy.0 = Release|Any CPU
		{A37F0276-805F-443E-B938-2F8F23ADCCBA}.Ad-Hoc|iPhone.ActiveCfg = Release|Any CPU
		{A37F0276-805F-443E-B938-2F8F23ADCCBA}.Ad-Hoc|iPhone.Build.0 = Release|Any CPU
		{A37F0276-805F-443E-B938-2F8F23ADCCBA}.Ad-Hoc|iPhone.Deploy.0 = Release|Any CPU
		{A37F0276-805F-443E-B938-2F8F23ADCCBA}.Ad-Hoc|iPhoneSimulator.ActiveCfg = Release|Any CPU
		{A37F0276-805F-443E-B938-2F8F23ADCCBA}.Ad-Hoc|iPhoneSimulator.Build.0 = Release|Any CPU
		{A37F0276-805F-443E-B938-2F8F23ADCCBA}.Ad-Hoc|iPhoneSimulator.Deploy.0 = Release|Any CPU
		{A37F0276-805F-443E-B938-2F8F23ADCCBA}.AppStore|Any CPU.ActiveCfg = Release|Any CPU
		{A37F0276-805F-443E-B938-2F8F23ADCCBA}.AppStore|Any CPU.Build.0 = Release|Any CPU
		{A37F0276-805F-443E-B938-2F8F23ADCCBA}.AppStore|Any CPU.Deploy.0 = Release|Any CPU
		{A37F0276-805F-443E-B938-2F8F23ADCCBA}.AppStore|iPhone.ActiveCfg = Release|Any CPU
		{A37F0276-805F-443E-B938-2F8F23ADCCBA}.AppStore|iPhone.Build.0 = Release|Any CPU
		{A37F0276-805F-443E-B938-2F8F23ADCCBA}.AppStore|iPhone.Deploy.0 = Release|Any CPU
		{A37F0276-805F-443E-B938-2F8F23ADCCBA}.AppStore|iPhoneSimulator.ActiveCfg = Release|Any CPU
		{A37F0276-805F-443E-B938-2F8F23ADCCBA}.AppStore|iPhoneSimulator.Build.0 = Release|Any CPU
		{A37F0276-805F-443E-B938-2F8F23ADCCBA}.AppStore|iPhoneSimulator.Deploy.0 = Release|Any CPU
		{A37F0276-805F-443E-B938-2F8F23ADCCBA}.Debug|Any CPU.ActiveCfg = Debug|Any CPU
		{A37F0276-805F-443E-B938-2F8F23ADCCBA}.Debug|Any CPU.Build.0 = Debug|Any CPU
		{A37F0276-805F-443E-B938-2F8F23ADCCBA}.Debug|Any CPU.Deploy.0 = Debug|Any CPU
		{A37F0276-805F-443E-B938-2F8F23ADCCBA}.Debug|iPhone.ActiveCfg = Debug|Any CPU
		{A37F0276-805F-443E-B938-2F8F23ADCCBA}.Debug|iPhone.Build.0 = Debug|Any CPU
		{A37F0276-805F-443E-B938-2F8F23ADCCBA}.Debug|iPhone.Deploy.0 = Debug|Any CPU
		{A37F0276-805F-443E-B938-2F8F23ADCCBA}.Debug|iPhoneSimulator.ActiveCfg = Debug|Any CPU
		{A37F0276-805F-443E-B938-2F8F23ADCCBA}.Debug|iPhoneSimulator.Build.0 = Debug|Any CPU
		{A37F0276-805F-443E-B938-2F8F23ADCCBA}.Debug|iPhoneSimulator.Deploy.0 = Debug|Any CPU
		{A37F0276-805F-443E-B938-2F8F23ADCCBA}.Release|Any CPU.ActiveCfg = Release|Any CPU
		{A37F0276-805F-443E-B938-2F8F23ADCCBA}.Release|Any CPU.Build.0 = Release|Any CPU
		{A37F0276-805F-443E-B938-2F8F23ADCCBA}.Release|Any CPU.Deploy.0 = Release|Any CPU
		{A37F0276-805F-443E-B938-2F8F23ADCCBA}.Release|iPhone.ActiveCfg = Release|Any CPU
		{A37F0276-805F-443E-B938-2F8F23ADCCBA}.Release|iPhone.Build.0 = Release|Any CPU
		{A37F0276-805F-443E-B938-2F8F23ADCCBA}.Release|iPhone.Deploy.0 = Release|Any CPU
		{A37F0276-805F-443E-B938-2F8F23ADCCBA}.Release|iPhoneSimulator.ActiveCfg = Release|Any CPU
		{A37F0276-805F-443E-B938-2F8F23ADCCBA}.Release|iPhoneSimulator.Build.0 = Release|Any CPU
		{A37F0276-805F-443E-B938-2F8F23ADCCBA}.Release|iPhoneSimulator.Deploy.0 = Release|Any CPU
		{A4E30640-96C4-4505-AF51-8141F7B537BB}.Ad-Hoc|Any CPU.ActiveCfg = Ad-Hoc|iPhone
		{A4E30640-96C4-4505-AF51-8141F7B537BB}.Ad-Hoc|Any CPU.Build.0 = Ad-Hoc|iPhone
		{A4E30640-96C4-4505-AF51-8141F7B537BB}.Ad-Hoc|Any CPU.Deploy.0 = Ad-Hoc|iPhone
		{A4E30640-96C4-4505-AF51-8141F7B537BB}.Ad-Hoc|iPhone.ActiveCfg = Ad-Hoc|iPhone
		{A4E30640-96C4-4505-AF51-8141F7B537BB}.Ad-Hoc|iPhone.Build.0 = Ad-Hoc|iPhone
		{A4E30640-96C4-4505-AF51-8141F7B537BB}.Ad-Hoc|iPhone.Deploy.0 = Ad-Hoc|iPhone
		{A4E30640-96C4-4505-AF51-8141F7B537BB}.Ad-Hoc|iPhoneSimulator.ActiveCfg = Ad-Hoc|iPhoneSimulator
		{A4E30640-96C4-4505-AF51-8141F7B537BB}.Ad-Hoc|iPhoneSimulator.Build.0 = Ad-Hoc|iPhoneSimulator
		{A4E30640-96C4-4505-AF51-8141F7B537BB}.Ad-Hoc|iPhoneSimulator.Deploy.0 = Ad-Hoc|iPhoneSimulator
		{A4E30640-96C4-4505-AF51-8141F7B537BB}.AppStore|Any CPU.ActiveCfg = AppStore|iPhone
		{A4E30640-96C4-4505-AF51-8141F7B537BB}.AppStore|Any CPU.Build.0 = AppStore|iPhone
		{A4E30640-96C4-4505-AF51-8141F7B537BB}.AppStore|Any CPU.Deploy.0 = AppStore|iPhone
		{A4E30640-96C4-4505-AF51-8141F7B537BB}.AppStore|iPhone.ActiveCfg = AppStore|iPhone
		{A4E30640-96C4-4505-AF51-8141F7B537BB}.AppStore|iPhone.Build.0 = AppStore|iPhone
		{A4E30640-96C4-4505-AF51-8141F7B537BB}.AppStore|iPhone.Deploy.0 = AppStore|iPhone
		{A4E30640-96C4-4505-AF51-8141F7B537BB}.AppStore|iPhoneSimulator.ActiveCfg = AppStore|iPhoneSimulator
		{A4E30640-96C4-4505-AF51-8141F7B537BB}.AppStore|iPhoneSimulator.Build.0 = AppStore|iPhoneSimulator
		{A4E30640-96C4-4505-AF51-8141F7B537BB}.AppStore|iPhoneSimulator.Deploy.0 = AppStore|iPhoneSimulator
		{A4E30640-96C4-4505-AF51-8141F7B537BB}.Debug|Any CPU.ActiveCfg = Debug|iPhoneSimulator
		{A4E30640-96C4-4505-AF51-8141F7B537BB}.Debug|Any CPU.Build.0 = Debug|iPhoneSimulator
		{A4E30640-96C4-4505-AF51-8141F7B537BB}.Debug|Any CPU.Deploy.0 = Debug|iPhoneSimulator
		{A4E30640-96C4-4505-AF51-8141F7B537BB}.Debug|iPhone.ActiveCfg = Debug|iPhone
		{A4E30640-96C4-4505-AF51-8141F7B537BB}.Debug|iPhone.Build.0 = Debug|iPhone
		{A4E30640-96C4-4505-AF51-8141F7B537BB}.Debug|iPhone.Deploy.0 = Debug|iPhone
		{A4E30640-96C4-4505-AF51-8141F7B537BB}.Debug|iPhoneSimulator.ActiveCfg = Debug|iPhoneSimulator
		{A4E30640-96C4-4505-AF51-8141F7B537BB}.Debug|iPhoneSimulator.Build.0 = Debug|iPhoneSimulator
		{A4E30640-96C4-4505-AF51-8141F7B537BB}.Debug|iPhoneSimulator.Deploy.0 = Debug|iPhoneSimulator
		{A4E30640-96C4-4505-AF51-8141F7B537BB}.Release|Any CPU.ActiveCfg = Release|iPhone
		{A4E30640-96C4-4505-AF51-8141F7B537BB}.Release|Any CPU.Build.0 = Release|iPhone
		{A4E30640-96C4-4505-AF51-8141F7B537BB}.Release|Any CPU.Deploy.0 = Release|iPhone
		{A4E30640-96C4-4505-AF51-8141F7B537BB}.Release|iPhone.ActiveCfg = Release|iPhone
		{A4E30640-96C4-4505-AF51-8141F7B537BB}.Release|iPhone.Build.0 = Release|iPhone
		{A4E30640-96C4-4505-AF51-8141F7B537BB}.Release|iPhone.Deploy.0 = Release|iPhone
		{A4E30640-96C4-4505-AF51-8141F7B537BB}.Release|iPhoneSimulator.ActiveCfg = Release|iPhoneSimulator
		{A4E30640-96C4-4505-AF51-8141F7B537BB}.Release|iPhoneSimulator.Build.0 = Release|iPhoneSimulator
		{A4E30640-96C4-4505-AF51-8141F7B537BB}.Release|iPhoneSimulator.Deploy.0 = Release|iPhoneSimulator
		{8EF5E692-CBFE-4179-B586-39D6ABDDFA3E}.Ad-Hoc|Any CPU.ActiveCfg = Debug|Any CPU
		{8EF5E692-CBFE-4179-B586-39D6ABDDFA3E}.Ad-Hoc|Any CPU.Build.0 = Debug|Any CPU
		{8EF5E692-CBFE-4179-B586-39D6ABDDFA3E}.Ad-Hoc|Any CPU.Deploy.0 = Debug|Any CPU
		{8EF5E692-CBFE-4179-B586-39D6ABDDFA3E}.Ad-Hoc|iPhone.ActiveCfg = Debug|Any CPU
		{8EF5E692-CBFE-4179-B586-39D6ABDDFA3E}.Ad-Hoc|iPhone.Build.0 = Debug|Any CPU
		{8EF5E692-CBFE-4179-B586-39D6ABDDFA3E}.Ad-Hoc|iPhone.Deploy.0 = Debug|Any CPU
		{8EF5E692-CBFE-4179-B586-39D6ABDDFA3E}.Ad-Hoc|iPhoneSimulator.ActiveCfg = Debug|Any CPU
		{8EF5E692-CBFE-4179-B586-39D6ABDDFA3E}.Ad-Hoc|iPhoneSimulator.Build.0 = Debug|Any CPU
		{8EF5E692-CBFE-4179-B586-39D6ABDDFA3E}.Ad-Hoc|iPhoneSimulator.Deploy.0 = Debug|Any CPU
		{8EF5E692-CBFE-4179-B586-39D6ABDDFA3E}.AppStore|Any CPU.ActiveCfg = Debug|Any CPU
		{8EF5E692-CBFE-4179-B586-39D6ABDDFA3E}.AppStore|Any CPU.Build.0 = Debug|Any CPU
		{8EF5E692-CBFE-4179-B586-39D6ABDDFA3E}.AppStore|Any CPU.Deploy.0 = Debug|Any CPU
		{8EF5E692-CBFE-4179-B586-39D6ABDDFA3E}.AppStore|iPhone.ActiveCfg = Debug|Any CPU
		{8EF5E692-CBFE-4179-B586-39D6ABDDFA3E}.AppStore|iPhone.Build.0 = Debug|Any CPU
		{8EF5E692-CBFE-4179-B586-39D6ABDDFA3E}.AppStore|iPhone.Deploy.0 = Debug|Any CPU
		{8EF5E692-CBFE-4179-B586-39D6ABDDFA3E}.AppStore|iPhoneSimulator.ActiveCfg = Debug|Any CPU
		{8EF5E692-CBFE-4179-B586-39D6ABDDFA3E}.AppStore|iPhoneSimulator.Build.0 = Debug|Any CPU
		{8EF5E692-CBFE-4179-B586-39D6ABDDFA3E}.AppStore|iPhoneSimulator.Deploy.0 = Debug|Any CPU
		{8EF5E692-CBFE-4179-B586-39D6ABDDFA3E}.Debug|Any CPU.ActiveCfg = Debug|Any CPU
		{8EF5E692-CBFE-4179-B586-39D6ABDDFA3E}.Debug|Any CPU.Build.0 = Debug|Any CPU
		{8EF5E692-CBFE-4179-B586-39D6ABDDFA3E}.Debug|Any CPU.Deploy.0 = Debug|Any CPU
		{8EF5E692-CBFE-4179-B586-39D6ABDDFA3E}.Debug|iPhone.ActiveCfg = Debug|Any CPU
		{8EF5E692-CBFE-4179-B586-39D6ABDDFA3E}.Debug|iPhone.Build.0 = Debug|Any CPU
		{8EF5E692-CBFE-4179-B586-39D6ABDDFA3E}.Debug|iPhone.Deploy.0 = Debug|Any CPU
		{8EF5E692-CBFE-4179-B586-39D6ABDDFA3E}.Debug|iPhoneSimulator.ActiveCfg = Debug|Any CPU
		{8EF5E692-CBFE-4179-B586-39D6ABDDFA3E}.Debug|iPhoneSimulator.Build.0 = Debug|Any CPU
		{8EF5E692-CBFE-4179-B586-39D6ABDDFA3E}.Debug|iPhoneSimulator.Deploy.0 = Debug|Any CPU
		{8EF5E692-CBFE-4179-B586-39D6ABDDFA3E}.Release|Any CPU.ActiveCfg = Release|Any CPU
		{8EF5E692-CBFE-4179-B586-39D6ABDDFA3E}.Release|Any CPU.Build.0 = Release|Any CPU
		{8EF5E692-CBFE-4179-B586-39D6ABDDFA3E}.Release|Any CPU.Deploy.0 = Release|Any CPU
		{8EF5E692-CBFE-4179-B586-39D6ABDDFA3E}.Release|iPhone.ActiveCfg = Release|Any CPU
		{8EF5E692-CBFE-4179-B586-39D6ABDDFA3E}.Release|iPhone.Build.0 = Release|Any CPU
		{8EF5E692-CBFE-4179-B586-39D6ABDDFA3E}.Release|iPhone.Deploy.0 = Release|Any CPU
		{8EF5E692-CBFE-4179-B586-39D6ABDDFA3E}.Release|iPhoneSimulator.ActiveCfg = Release|Any CPU
		{8EF5E692-CBFE-4179-B586-39D6ABDDFA3E}.Release|iPhoneSimulator.Build.0 = Release|Any CPU
		{8EF5E692-CBFE-4179-B586-39D6ABDDFA3E}.Release|iPhoneSimulator.Deploy.0 = Release|Any CPU
	EndGlobalSection
	GlobalSection(SolutionProperties) = preSolution
		HideSolutionNode = FALSE
	EndGlobalSection
	GlobalSection(ExtensibilityGlobals) = postSolution
		SolutionGuid = {52327455-2082-485E-AE40-77A7F838DF68}
	EndGlobalSection
EndGlobal
